
Microsoft Visual Studio Solution File, Format Version 12.00
# Visual Studio 2012
Project("{FAE04EC0-301F-11D3-BF4B-00C04F79EFBC}") = "MeetUp.Web", "MeetUp.Web\MeetUp.Web.csproj", "{644F501F-F411-4187-A701-2CECE81D0542}"
EndProject
Project("{FAE04EC0-301F-11D3-BF4B-00C04F79EFBC}") = "MeetUp.Domain", "MeetUp.Domain\MeetUp.Domain.csproj", "{DD06E675-69C1-403B-A56B-698D49F0F06D}"
EndProject
Project("{FAE04EC0-301F-11D3-BF4B-00C04F79EFBC}") = "MeetUp.Core", "MeetUp.Core\MeetUp.Core.csproj", "{79960A39-F156-4AD6-BB64-DEAE4AE936D2}"
EndProject
Project("{FAE04EC0-301F-11D3-BF4B-00C04F79EFBC}") = "MeetUp.Infrastructure", "MeetUp.Infrastructure\MeetUp.Infrastructure.csproj", "{5F01F355-2DFC-45D2-A238-682B51F0959B}"
EndProject
Project("{FAE04EC0-301F-11D3-BF4B-00C04F79EFBC}") = "MeetUp.MeetUpApi", "MeetUp.MeetUpApi\MeetUp.MeetUpApi.csproj", "{BCA1A825-A651-461C-87FF-79CA09C425A9}"
EndProject
Project("{FAE04EC0-301F-11D3-BF4B-00C04F79EFBC}") = "MeetUp.ApiProxy", "MeetUp.ApiProxy\MeetUp.ApiProxy.csproj", "{F4C93019-2AC3-4376-AA89-33360F66C46C}"
EndProject
Project("{FAE04EC0-301F-11D3-BF4B-00C04F79EFBC}") = "MeetUp.Tests", "MeetUp.Tests\MeetUp.Tests.csproj", "{CFD720DD-FF16-448A-B48F-0CBB4F845E6D}"
EndProject
Global
	GlobalSection(SolutionConfigurationPlatforms) = preSolution
		Debug|Any CPU = Debug|Any CPU
		Release|Any CPU = Release|Any CPU
	EndGlobalSection
	GlobalSection(ProjectConfigurationPlatforms) = postSolution
		{644F501F-F411-4187-A701-2CECE81D0542}.Debug|Any CPU.ActiveCfg = Debug|Any CPU
		{644F501F-F411-4187-A701-2CECE81D0542}.Debug|Any CPU.Build.0 = Debug|Any CPU
		{644F501F-F411-4187-A701-2CECE81D0542}.Release|Any CPU.ActiveCfg = Release|Any CPU
		{644F501F-F411-4187-A701-2CECE81D0542}.Release|Any CPU.Build.0 = Release|Any CPU
		{DD06E675-69C1-403B-A56B-698D49F0F06D}.Debug|Any CPU.ActiveCfg = Debug|Any CPU
		{DD06E675-69C1-403B-A56B-698D49F0F06D}.Debug|Any CPU.Build.0 = Debug|Any CPU
		{DD06E675-69C1-403B-A56B-698D49F0F06D}.Release|Any CPU.ActiveCfg = Release|Any CPU
		{DD06E675-69C1-403B-A56B-698D49F0F06D}.Release|Any CPU.Build.0 = Release|Any CPU
		{79960A39-F156-4AD6-BB64-DEAE4AE936D2}.Debug|Any CPU.ActiveCfg = Debug|Any CPU
		{79960A39-F156-4AD6-BB64-DEAE4AE936D2}.Debug|Any CPU.Build.0 = Debug|Any CPU
		{79960A39-F156-4AD6-BB64-DEAE4AE936D2}.Release|Any CPU.ActiveCfg = Release|Any CPU
		{79960A39-F156-4AD6-BB64-DEAE4AE936D2}.Release|Any CPU.Build.0 = Release|Any CPU
		{5F01F355-2DFC-45D2-A238-682B51F0959B}.Debug|Any CPU.ActiveCfg = Debug|Any CPU
		{5F01F355-2DFC-45D2-A238-682B51F0959B}.Debug|Any CPU.Build.0 = Debug|Any CPU
		{5F01F355-2DFC-45D2-A238-682B51F0959B}.Release|Any CPU.ActiveCfg = Release|Any CPU
		{5F01F355-2DFC-45D2-A238-682B51F0959B}.Release|Any CPU.Build.0 = Release|Any CPU
		{BCA1A825-A651-461C-87FF-79CA09C425A9}.Debug|Any CPU.ActiveCfg = Debug|Any CPU
		{BCA1A825-A651-461C-87FF-79CA09C425A9}.Debug|Any CPU.Build.0 = Debug|Any CPU
		{BCA1A825-A651-461C-87FF-79CA09C425A9}.Release|Any CPU.ActiveCfg = Release|Any CPU
		{BCA1A825-A651-461C-87FF-79CA09C425A9}.Release|Any CPU.Build.0 = Release|Any CPU
		{F4C93019-2AC3-4376-AA89-33360F66C46C}.Debug|Any CPU.ActiveCfg = Debug|Any CPU
		{F4C93019-2AC3-4376-AA89-33360F66C46C}.Debug|Any CPU.Build.0 = Debug|Any CPU
		{F4C93019-2AC3-4376-AA89-33360F66C46C}.Release|Any CPU.ActiveCfg = Release|Any CPU
		{F4C93019-2AC3-4376-AA89-33360F66C46C}.Release|Any CPU.Build.0 = Release|Any CPU
		{CFD720DD-FF16-448A-B48F-0CBB4F845E6D}.Debug|Any CPU.ActiveCfg = Debug|Any CPU
		{CFD720DD-FF16-448A-B48F-0CBB4F845E6D}.Debug|Any CPU.Build.0 = Debug|Any CPU
		{CFD720DD-FF16-448A-B48F-0CBB4F845E6D}.Release|Any CPU.ActiveCfg = Release|Any CPU
		{CFD720DD-FF16-448A-B48F-0CBB4F845E6D}.Release|Any CPU.Build.0 = Release|Any CPU
	EndGlobalSection
	GlobalSection(SolutionProperties) = preSolution
		HideSolutionNode = FALSE
	EndGlobalSection
EndGlobal
